# This file is automatically @generated by Cargo.
# It is not intended for manual editing.
version = 4

[[package]]
name = "atlas-duck-atlassian"
version = "0.1.0"

[[package]]
name = "atlas-duck-audit"
version = "0.1.0"
dependencies = [
 "atlas-duck-ipc",
]

[[package]]
name = "atlas-duck-cli"
version = "0.1.0"
dependencies = [
 "atlas-duck-ipc",
 "atlas-duck-registry",
]

[[package]]
name = "atlas-duck-convert"
version = "0.1.0"

[[package]]
name = "atlas-duck-core"
version = "0.1.0"
dependencies = [
 "atlas-duck-atlassian",
 "atlas-duck-audit",
 "atlas-duck-convert",
 "atlas-duck-ipc",
 "atlas-duck-preview",
 "atlas-duck-registry",
]

[[package]]
name = "atlas-duck-ipc"
version = "0.1.0"

[[package]]
name = "atlas-duck-preview"
version = "0.1.0"

[[package]]
name = "atlas-duck-registry"
version = "0.1.0"

[[package]]
name = "atlas-duck-sandbox-host"
version = "0.1.0"
dependencies = [
 "atlas-duck-ipc",
]

[[package]]
name = "atlas-duck-sandbox-worker"
version = "0.1.0"
dependencies = [
 "atlas-duck-ipc",
]
